
Microsoft Visual Studio Solution File, Format Version 12.00
Project("{2150E333-8FDC-42A3-9474-1A3956D46DE8}") = "Services", "Services", "{DC4FE75C-E925-4B16-B54D-05DB674B692F}"
EndProject
Project("{2150E333-8FDC-42A3-9474-1A3956D46DE8}") = "EmailManager", "EmailManager", "{0ED91AA8-59BB-49CF-95A3-1F9E55446C13}"
EndProject
Project("{FAE04EC0-301F-11D3-BF4B-00C04F79EFBC}") = "EmailManager.API", "EmailManager\EmailManager.API\EmailManager.API.csproj", "{44A79AFB-9BF1-4919-8D5A-904A30AC7786}"
EndProject
Project("{FAE04EC0-301F-11D3-BF4B-00C04F79EFBC}") = "EmailManager.Core", "EmailManager\EmailManager.Core\EmailManager.Core.csproj", "{AC3991CD-6E6B-4BD2-A080-581B93D035A7}"
EndProject
Project("{FAE04EC0-301F-11D3-BF4B-00C04F79EFBC}") = "EmailManager.Application", "EmailManager\EmailManager.Application\EmailManager.Application.csproj", "{4CC95DF4-07C8-45CE-8762-2162E3350BF2}"
EndProject
Project("{FAE04EC0-301F-11D3-BF4B-00C04F79EFBC}") = "EmailManager.Infrastructure", "EmailManager\EmailManager.Infrastructure\EmailManager.Infrastructure.csproj", "{CA91D8C6-3EAD-4554-9CA9-E33B810606B9}"
EndProject
Project("{2150E333-8FDC-42A3-9474-1A3956D46DE8}") = "EmailSender", "EmailSender", "{8AE11393-6C86-40A1-8696-93ECFEBFFB10}"
EndProject
Project("{FAE04EC0-301F-11D3-BF4B-00C04F79EFBC}") = "EmailSender.Core", "EmailSender\EmailSender.Core\EmailSender.Core.csproj", "{B7E9548A-9C95-463B-BBEC-1F99871BEC83}"
EndProject
Project("{FAE04EC0-301F-11D3-BF4B-00C04F79EFBC}") = "EmailSender.Infrastructure", "EmailSender\EmailSender.Infrastructure\EmailSender.Infrastructure.csproj", "{7477FED0-166D-4420-BF97-C7702E255ACB}"
EndProject
Project("{FAE04EC0-301F-11D3-BF4B-00C04F79EFBC}") = "EmailSender.Application", "EmailSender\EmailSender.Application\EmailSender.Application.csproj", "{35435203-A455-4B6A-A6BB-21AF54F45DE0}"
EndProject
Project("{FAE04EC0-301F-11D3-BF4B-00C04F79EFBC}") = "EmailSender.API", "EmailSender\EmailSender.API\EmailSender.API.csproj", "{514ECA21-58E2-4B53-B976-B85BD6A2E035}"
EndProject
Global
	GlobalSection(SolutionConfigurationPlatforms) = preSolution
		Debug|Any CPU = Debug|Any CPU
		Release|Any CPU = Release|Any CPU
	EndGlobalSection
	GlobalSection(NestedProjects) = preSolution
		{0ED91AA8-59BB-49CF-95A3-1F9E55446C13} = {DC4FE75C-E925-4B16-B54D-05DB674B692F}
		{44A79AFB-9BF1-4919-8D5A-904A30AC7786} = {0ED91AA8-59BB-49CF-95A3-1F9E55446C13}
		{AC3991CD-6E6B-4BD2-A080-581B93D035A7} = {0ED91AA8-59BB-49CF-95A3-1F9E55446C13}
		{4CC95DF4-07C8-45CE-8762-2162E3350BF2} = {0ED91AA8-59BB-49CF-95A3-1F9E55446C13}
		{CA91D8C6-3EAD-4554-9CA9-E33B810606B9} = {0ED91AA8-59BB-49CF-95A3-1F9E55446C13}
		{8AE11393-6C86-40A1-8696-93ECFEBFFB10} = {DC4FE75C-E925-4B16-B54D-05DB674B692F}
		{B7E9548A-9C95-463B-BBEC-1F99871BEC83} = {8AE11393-6C86-40A1-8696-93ECFEBFFB10}
		{7477FED0-166D-4420-BF97-C7702E255ACB} = {8AE11393-6C86-40A1-8696-93ECFEBFFB10}
		{35435203-A455-4B6A-A6BB-21AF54F45DE0} = {8AE11393-6C86-40A1-8696-93ECFEBFFB10}
		{514ECA21-58E2-4B53-B976-B85BD6A2E035} = {8AE11393-6C86-40A1-8696-93ECFEBFFB10}
	EndGlobalSection
	GlobalSection(ProjectConfigurationPlatforms) = postSolution
		{44A79AFB-9BF1-4919-8D5A-904A30AC7786}.Debug|Any CPU.ActiveCfg = Debug|Any CPU
		{44A79AFB-9BF1-4919-8D5A-904A30AC7786}.Debug|Any CPU.Build.0 = Debug|Any CPU
		{44A79AFB-9BF1-4919-8D5A-904A30AC7786}.Release|Any CPU.ActiveCfg = Release|Any CPU
		{44A79AFB-9BF1-4919-8D5A-904A30AC7786}.Release|Any CPU.Build.0 = Release|Any CPU
		{AC3991CD-6E6B-4BD2-A080-581B93D035A7}.Debug|Any CPU.ActiveCfg = Debug|Any CPU
		{AC3991CD-6E6B-4BD2-A080-581B93D035A7}.Debug|Any CPU.Build.0 = Debug|Any CPU
		{AC3991CD-6E6B-4BD2-A080-581B93D035A7}.Release|Any CPU.ActiveCfg = Release|Any CPU
		{AC3991CD-6E6B-4BD2-A080-581B93D035A7}.Release|Any CPU.Build.0 = Release|Any CPU
		{4CC95DF4-07C8-45CE-8762-2162E3350BF2}.Debug|Any CPU.ActiveCfg = Debug|Any CPU
		{4CC95DF4-07C8-45CE-8762-2162E3350BF2}.Debug|Any CPU.Build.0 = Debug|Any CPU
		{4CC95DF4-07C8-45CE-8762-2162E3350BF2}.Release|Any CPU.ActiveCfg = Release|Any CPU
		{4CC95DF4-07C8-45CE-8762-2162E3350BF2}.Release|Any CPU.Build.0 = Release|Any CPU
		{CA91D8C6-3EAD-4554-9CA9-E33B810606B9}.Debug|Any CPU.ActiveCfg = Debug|Any CPU
		{CA91D8C6-3EAD-4554-9CA9-E33B810606B9}.Debug|Any CPU.Build.0 = Debug|Any CPU
		{CA91D8C6-3EAD-4554-9CA9-E33B810606B9}.Release|Any CPU.ActiveCfg = Release|Any CPU
		{CA91D8C6-3EAD-4554-9CA9-E33B810606B9}.Release|Any CPU.Build.0 = Release|Any CPU
		{B7E9548A-9C95-463B-BBEC-1F99871BEC83}.Debug|Any CPU.ActiveCfg = Debug|Any CPU
		{B7E9548A-9C95-463B-BBEC-1F99871BEC83}.Debug|Any CPU.Build.0 = Debug|Any CPU
		{B7E9548A-9C95-463B-BBEC-1F99871BEC83}.Release|Any CPU.ActiveCfg = Release|Any CPU
		{B7E9548A-9C95-463B-BBEC-1F99871BEC83}.Release|Any CPU.Build.0 = Release|Any CPU
		{7477FED0-166D-4420-BF97-C7702E255ACB}.Debug|Any CPU.ActiveCfg = Debug|Any CPU
		{7477FED0-166D-4420-BF97-C7702E255ACB}.Debug|Any CPU.Build.0 = Debug|Any CPU
		{7477FED0-166D-4420-BF97-C7702E255ACB}.Release|Any CPU.ActiveCfg = Release|Any CPU
		{7477FED0-166D-4420-BF97-C7702E255ACB}.Release|Any CPU.Build.0 = Release|Any CPU
		{35435203-A455-4B6A-A6BB-21AF54F45DE0}.Debug|Any CPU.ActiveCfg = Debug|Any CPU
		{35435203-A455-4B6A-A6BB-21AF54F45DE0}.Debug|Any CPU.Build.0 = Debug|Any CPU
		{35435203-A455-4B6A-A6BB-21AF54F45DE0}.Release|Any CPU.ActiveCfg = Release|Any CPU
		{35435203-A455-4B6A-A6BB-21AF54F45DE0}.Release|Any CPU.Build.0 = Release|Any CPU
		{514ECA21-58E2-4B53-B976-B85BD6A2E035}.Debug|Any CPU.ActiveCfg = Debug|Any CPU
		{514ECA21-58E2-4B53-B976-B85BD6A2E035}.Debug|Any CPU.Build.0 = Debug|Any CPU
		{514ECA21-58E2-4B53-B976-B85BD6A2E035}.Release|Any CPU.ActiveCfg = Release|Any CPU
		{514ECA21-58E2-4B53-B976-B85BD6A2E035}.Release|Any CPU.Build.0 = Release|Any CPU
	EndGlobalSection
EndGlobal
